
Microsoft Visual Studio Solution File, Format Version 12.00
# Visual Studio Version 17
VisualStudioVersion = 17.1.32228.430
MinimumVisualStudioVersion = 10.0.40219.1
Project("{FAE04EC0-301F-11D3-BF4B-00C04F79EFBC}") = "CorrelatedSubqueriesAdvanced", "CorrelatedSubqueriesAdvanced\CorrelatedSubqueriesAdvanced.csproj", "{3017E560-9F10-4DE3-8CA2-79A260B2DFC8}"
EndProject
Project("{FAE04EC0-301F-11D3-BF4B-00C04F79EFBC}") = "CorrelatedSubqueriesAdvanced.Tests", "CorrelatedSubqueriesAdvanced.Tests\CorrelatedSubqueriesAdvanced.Tests.csproj", "{93B7AAA3-D797-4A46-A64D-487AE5D9EEC8}"
EndProject
Global
	GlobalSection(SolutionConfigurationPlatforms) = preSolution
		Debug|Any CPU = Debug|Any CPU
		Release|Any CPU = Release|Any CPU
	EndGlobalSection
	GlobalSection(ProjectConfigurationPlatforms) = postSolution
		{3017E560-9F10-4DE3-8CA2-79A260B2DFC8}.Debug|Any CPU.ActiveCfg = Debug|Any CPU
		{3017E560-9F10-4DE3-8CA2-79A260B2DFC8}.Debug|Any CPU.Build.0 = Debug|Any CPU
		{3017E560-9F10-4DE3-8CA2-79A260B2DFC8}.Release|Any CPU.ActiveCfg = Release|Any CPU
		{3017E560-9F10-4DE3-8CA2-79A260B2DFC8}.Release|Any CPU.Build.0 = Release|Any CPU
		{93B7AAA3-D797-4A46-A64D-487AE5D9EEC8}.Debug|Any CPU.ActiveCfg = Debug|Any CPU
		{93B7AAA3-D797-4A46-A64D-487AE5D9EEC8}.Debug|Any CPU.Build.0 = Debug|Any CPU
		{93B7AAA3-D797-4A46-A64D-487AE5D9EEC8}.Release|Any CPU.ActiveCfg = Release|Any CPU
		{93B7AAA3-D797-4A46-A64D-487AE5D9EEC8}.Release|Any CPU.Build.0 = Release|Any CPU
	EndGlobalSection
	GlobalSection(SolutionProperties) = preSolution
		HideSolutionNode = FALSE
	EndGlobalSection
	GlobalSection(ExtensibilityGlobals) = postSolution
		SolutionGuid = {47581FB4-24FF-4573-B7BB-93A02BF08A33}
	EndGlobalSection
EndGlobal
