
Microsoft Visual Studio Solution File, Format Version 12.00
# Visual Studio Version 17
VisualStudioVersion = 17.0.32112.339
MinimumVisualStudioVersion = 10.0.40219.1
Project("{9A19103F-16F7-4668-BE54-9A1E7A4F7556}") = "SqlCreateTable", "SqlCreateTable\SqlCreateTable.csproj", "{4FAF8739-D663-422C-985B-4EA3ED507F35}"
EndProject
Project("{FAE04EC0-301F-11D3-BF4B-00C04F79EFBC}") = "SqlCreateTable.Tests", "SqlCreateTable.Tests\SqlCreateTable.Tests.csproj", "{B8B8720E-DF07-4584-A519-42D74710AB08}"
EndProject
Global
	GlobalSection(SolutionConfigurationPlatforms) = preSolution
		Debug|Any CPU = Debug|Any CPU
		Release|Any CPU = Release|Any CPU
	EndGlobalSection
	GlobalSection(ProjectConfigurationPlatforms) = postSolution
		{4FAF8739-D663-422C-985B-4EA3ED507F35}.Debug|Any CPU.ActiveCfg = Debug|Any CPU
		{4FAF8739-D663-422C-985B-4EA3ED507F35}.Debug|Any CPU.Build.0 = Debug|Any CPU
		{4FAF8739-D663-422C-985B-4EA3ED507F35}.Release|Any CPU.ActiveCfg = Release|Any CPU
		{4FAF8739-D663-422C-985B-4EA3ED507F35}.Release|Any CPU.Build.0 = Release|Any CPU
		{B8B8720E-DF07-4584-A519-42D74710AB08}.Debug|Any CPU.ActiveCfg = Debug|Any CPU
		{B8B8720E-DF07-4584-A519-42D74710AB08}.Debug|Any CPU.Build.0 = Debug|Any CPU
		{B8B8720E-DF07-4584-A519-42D74710AB08}.Release|Any CPU.ActiveCfg = Release|Any CPU
		{B8B8720E-DF07-4584-A519-42D74710AB08}.Release|Any CPU.Build.0 = Release|Any CPU
	EndGlobalSection
	GlobalSection(SolutionProperties) = preSolution
		HideSolutionNode = FALSE
	EndGlobalSection
	GlobalSection(ExtensibilityGlobals) = postSolution
		SolutionGuid = {066DA4C8-CA2E-47F8-A2BA-EAD86FDFFC6B}
	EndGlobalSection
EndGlobal
