
Microsoft Visual Studio Solution File, Format Version 12.00
# Visual Studio Version 17
VisualStudioVersion = 17.0.32112.339
MinimumVisualStudioVersion = 10.0.40219.1
Project("{9A19103F-16F7-4668-BE54-9A1E7A4F7556}") = "SimpleAggregation", "SimpleAggregation\SimpleAggregation.csproj", "{B3241F45-50F9-449E-899F-3C3B5FD693CA}"
EndProject
Project("{9A19103F-16F7-4668-BE54-9A1E7A4F7556}") = "SimpleAggregation.Tests", "SimpleAggregation.Tests\SimpleAggregation.Tests.csproj", "{5117E580-D3DE-4F14-B1B4-F44222FAD9FD}"
EndProject
Global
	GlobalSection(SolutionConfigurationPlatforms) = preSolution
		Debug|Any CPU = Debug|Any CPU
		Release|Any CPU = Release|Any CPU
	EndGlobalSection
	GlobalSection(ProjectConfigurationPlatforms) = postSolution
		{B3241F45-50F9-449E-899F-3C3B5FD693CA}.Debug|Any CPU.ActiveCfg = Debug|Any CPU
		{B3241F45-50F9-449E-899F-3C3B5FD693CA}.Debug|Any CPU.Build.0 = Debug|Any CPU
		{B3241F45-50F9-449E-899F-3C3B5FD693CA}.Release|Any CPU.ActiveCfg = Release|Any CPU
		{B3241F45-50F9-449E-899F-3C3B5FD693CA}.Release|Any CPU.Build.0 = Release|Any CPU
		{5117E580-D3DE-4F14-B1B4-F44222FAD9FD}.Debug|Any CPU.ActiveCfg = Debug|Any CPU
		{5117E580-D3DE-4F14-B1B4-F44222FAD9FD}.Debug|Any CPU.Build.0 = Debug|Any CPU
		{5117E580-D3DE-4F14-B1B4-F44222FAD9FD}.Release|Any CPU.ActiveCfg = Release|Any CPU
		{5117E580-D3DE-4F14-B1B4-F44222FAD9FD}.Release|Any CPU.Build.0 = Release|Any CPU
	EndGlobalSection
	GlobalSection(SolutionProperties) = preSolution
		HideSolutionNode = FALSE
	EndGlobalSection
	GlobalSection(ExtensibilityGlobals) = postSolution
		SolutionGuid = {066DA4C8-CA2E-47F8-A2BA-EAD86FDFFC6B}
	EndGlobalSection
EndGlobal
